lockfileVersion: '6.0'

settings:
  autoInstallPeers: true
  excludeLinksFromLockfile: false

dependencies:
  chrome-a11y-caret-browsing-extension:
    specifier: ^1.0.2
    version: 1.0.2
  intersock:
    specifier: ^0.0.1
    version: link:../intersock
  mudom:
    specifier: ^1.0.9
    version: link:../mudom

packages:

  /chrome-a11y-caret-browsing-extension@1.0.2:
    resolution: {integrity: sha512-bGuhhXF0lrFKpaQW6Nk+1ifCkdoGGVPBtjvUAPJARA6DDtZ3BfBregNgAhgjV4Y03KRRZyXwXtoe4KH3mBtoSw==}
    dev: false
